{
  "name": "@aoijs/aoi.compiler",
  "version": "1.0.0",
  "lockfileVersion": 2,
  "requires": true,
  "packages": {
    "": {
      "name": "@aoijs/aoi.compiler",
      "version": "1.0.0",
      "license": "MIT",
      "dependencies": {
        "@types/node": "^22.4.1",
        "gen-esm-wrapper": "^1.1.3",
        "typescript": "^5.5.4"
      },
      "devDependencies": {
        "@types/benchmark": "^2.1.5",
        "benchmark": "^2.1.4"
      }
    },
    "node_modules/@types/benchmark": {
      "version": "2.1.5",
      "resolved": "https://registry.npmjs.org/@types/benchmark/-/benchmark-2.1.5.tgz",
      "integrity": "sha512-cKio2eFB3v7qmKcvIHLUMw/dIx/8bhWPuzpzRT4unCPRTD8VdA9Zb0afxpcxOqR4PixRS7yT42FqGS8BYL8g1w==",
      "dev": true
    },
    "node_modules/@types/node": {
      "version": "22.4.1",
      "resolved": "https://registry.npmjs.org/@types/node/-/node-22.4.1.tgz",
      "integrity": "sha512-1tbpb9325+gPnKK0dMm+/LMriX0vKxf6RnB0SZUqfyVkQ4fMgUSySqhxE/y8Jvs4NyF1yHzTfG9KlnkIODxPKg==",
      "dependencies": {
        "undici-types": "~6.19.2"
      }
    },
    "node_modules/assert": {
      "version": "1.5.0",
      "resolved": "https://registry.npmjs.org/assert/-/assert-1.5.0.tgz",
      "integrity": "sha512-EDsgawzwoun2CZkCgtxJbv392v4nbk9XDD06zI+kQYoBM/3RBWLlEyJARDOmhAAosBjWACEkKL6S+lIZtcAubA==",
      "dependencies": {
        "object-assign": "^4.1.1",
        "util": "0.10.3"
      }
    },
    "node_modules/benchmark": {
      "version": "2.1.4",
      "resolved": "https://registry.npmjs.org/benchmark/-/benchmark-2.1.4.tgz",
      "integrity": "sha512-l9MlfN4M1K/H2fbhfMy3B7vJd6AGKJVQn2h6Sg/Yx+KckoUA7ewS5Vv6TjSq18ooE1kS9hhAlQRH3AkXIh/aOQ==",
      "dev": true,
      "dependencies": {
        "lodash": "^4.17.4",
        "platform": "^1.3.3"
      }
    },
    "node_modules/gen-esm-wrapper": {
      "version": "1.1.3",
      "resolved": "https://registry.npmjs.org/gen-esm-wrapper/-/gen-esm-wrapper-1.1.3.tgz",
      "integrity": "sha512-LNHZ+QpaCW/0VhABIbXn45V+P8kFvjjwuue9hbV23eOjuFVz6c0FE3z1XpLX9pSjLW7UmtCkXo5F9vhZWVs8oQ==",
      "dependencies": {
        "is-valid-identifier": "^2.0.2"
      },
      "bin": {
        "gen-esm-wrapper": "gen-esm-wrapper.js"
      }
    },
    "node_modules/inherits": {
      "version": "2.0.1",
      "resolved": "https://registry.npmjs.org/inherits/-/inherits-2.0.1.tgz",
      "integrity": "sha1-sX0I0ya0Qj5Wjv9xn5GwscvfafE="
    },
    "node_modules/is-valid-identifier": {
      "version": "2.0.2",
      "resolved": "https://registry.npmjs.org/is-valid-identifier/-/is-valid-identifier-2.0.2.tgz",
      "integrity": "sha512-mpS5EGqXOwzXtKAg6I44jIAqeBfntFLxpAth1rrKbxtKyI6LPktyDYpHBI+tHlduhhX/SF26mFXmxQu995QVqg==",
      "dependencies": {
        "assert": "^1.4.1"
      }
    },
    "node_modules/lodash": {
      "version": "4.17.21",
      "resolved": "https://registry.npmjs.org/lodash/-/lodash-4.17.21.tgz",
      "integrity": "sha512-v2kDEe57lecTulaDIuNTPy3Ry4gLGJ6Z1O3vE1krgXZNrsQ+LFTGHVxVjcXPs17LhbZVGedAJv8XZ1tvj5FvSg==",
      "dev": true
    },
    "node_modules/object-assign": {
      "version": "4.1.1",
      "resolved": "https://registry.npmjs.org/object-assign/-/object-assign-4.1.1.tgz",
      "integrity": "sha1-IQmtx5ZYh8/AXLvUQsrIv7s2CGM=",
      "engines": {
        "node": ">=0.10.0"
      }
    },
    "node_modules/platform": {
      "version": "1.3.6",
      "resolved": "https://registry.npmjs.org/platform/-/platform-1.3.6.tgz",
      "integrity": "sha512-fnWVljUchTro6RiCFvCXBbNhJc2NijN7oIQxbwsyL0buWJPG85v81ehlHI9fXrJsMNgTofEoWIQeClKpgxFLrg==",
      "dev": true
    },
    "node_modules/typescript": {
      "version": "5.5.4",
      "resolved": "https://registry.npmjs.org/typescript/-/typescript-5.5.4.tgz",
      "integrity": "sha512-Mtq29sKDAEYP7aljRgtPOpTvOfbwRWlS6dPRzwjdE+C0R4brX/GUyhHSecbHMFLNBLcJIPt9nl9yG5TZ1weH+Q==",
      "bin": {
        "tsc": "bin/tsc",
        "tsserver": "bin/tsserver"
      },
      "engines": {
        "node": ">=14.17"
      }
    },
    "node_modules/undici-types": {
      "version": "6.19.8",
      "resolved": "https://registry.npmjs.org/undici-types/-/undici-types-6.19.8.tgz",
      "integrity": "sha512-ve2KP6f/JnbPBFyobGHuerC9g1FYGn/F8n1LWTwNxCEzd6IfqTwUQcNXgEtmmQ6DlRrC1hrSrBnCZPokRrDHjw=="
    },
    "node_modules/util": {
      "version": "0.10.3",
      "resolved": "https://registry.npmjs.org/util/-/util-0.10.3.tgz",
      "integrity": "sha1-evsa/lCAUkZInj23/g7TeTNqwPk=",
      "dependencies": {
        "inherits": "2.0.1"
      }
    }
  },
  "dependencies": {
    "@types/benchmark": {
      "version": "2.1.5",
      "resolved": "https://registry.npmjs.org/@types/benchmark/-/benchmark-2.1.5.tgz",
      "integrity": "sha512-cKio2eFB3v7qmKcvIHLUMw/dIx/8bhWPuzpzRT4unCPRTD8VdA9Zb0afxpcxOqR4PixRS7yT42FqGS8BYL8g1w==",
      "dev": true
    },
    "@types/node": {
      "version": "22.4.1",
      "resolved": "https://registry.npmjs.org/@types/node/-/node-22.4.1.tgz",
      "integrity": "sha512-1tbpb9325+gPnKK0dMm+/LMriX0vKxf6RnB0SZUqfyVkQ4fMgUSySqhxE/y8Jvs4NyF1yHzTfG9KlnkIODxPKg==",
      "requires": {
        "undici-types": "~6.19.2"
      }
    },
    "assert": {
      "version": "1.5.0",
      "resolved": "https://registry.npmjs.org/assert/-/assert-1.5.0.tgz",
      "integrity": "sha512-EDsgawzwoun2CZkCgtxJbv392v4nbk9XDD06zI+kQYoBM/3RBWLlEyJARDOmhAAosBjWACEkKL6S+lIZtcAubA==",
      "requires": {
        "object-assign": "^4.1.1",
        "util": "0.10.3"
      }
    },
    "benchmark": {
      "version": "2.1.4",
      "resolved": "https://registry.npmjs.org/benchmark/-/benchmark-2.1.4.tgz",
      "integrity": "sha512-l9MlfN4M1K/H2fbhfMy3B7vJd6AGKJVQn2h6Sg/Yx+KckoUA7ewS5Vv6TjSq18ooE1kS9hhAlQRH3AkXIh/aOQ==",
      "dev": true,
      "requires": {
        "lodash": "^4.17.4",
        "platform": "^1.3.3"
      }
    },
    "gen-esm-wrapper": {
      "version": "1.1.3",
      "resolved": "https://registry.npmjs.org/gen-esm-wrapper/-/gen-esm-wrapper-1.1.3.tgz",
      "integrity": "sha512-LNHZ+QpaCW/0VhABIbXn45V+P8kFvjjwuue9hbV23eOjuFVz6c0FE3z1XpLX9pSjLW7UmtCkXo5F9vhZWVs8oQ==",
      "requires": {
        "is-valid-identifier": "^2.0.2"
      }
    },
    "inherits": {
      "version": "2.0.1",
      "resolved": "https://registry.npmjs.org/inherits/-/inherits-2.0.1.tgz",
      "integrity": "sha1-sX0I0ya0Qj5Wjv9xn5GwscvfafE="
    },
    "is-valid-identifier": {
      "version": "2.0.2",
      "resolved": "https://registry.npmjs.org/is-valid-identifier/-/is-valid-identifier-2.0.2.tgz",
      "integrity": "sha512-mpS5EGqXOwzXtKAg6I44jIAqeBfntFLxpAth1rrKbxtKyI6LPktyDYpHBI+tHlduhhX/SF26mFXmxQu995QVqg==",
      "requires": {
        "assert": "^1.4.1"
      }
    },
    "lodash": {
      "version": "4.17.21",
      "resolved": "https://registry.npmjs.org/lodash/-/lodash-4.17.21.tgz",
      "integrity": "sha512-v2kDEe57lecTulaDIuNTPy3Ry4gLGJ6Z1O3vE1krgXZNrsQ+LFTGHVxVjcXPs17LhbZVGedAJv8XZ1tvj5FvSg==",
      "dev": true
    },
    "object-assign": {
      "version": "4.1.1",
      "resolved": "https://registry.npmjs.org/object-assign/-/object-assign-4.1.1.tgz",
      "integrity": "sha1-IQmtx5ZYh8/AXLvUQsrIv7s2CGM="
    },
    "platform": {
      "version": "1.3.6",
      "resolved": "https://registry.npmjs.org/platform/-/platform-1.3.6.tgz",
      "integrity": "sha512-fnWVljUchTro6RiCFvCXBbNhJc2NijN7oIQxbwsyL0buWJPG85v81ehlHI9fXrJsMNgTofEoWIQeClKpgxFLrg==",
      "dev": true
    },
    "typescript": {
      "version": "5.5.4",
      "resolved": "https://registry.npmjs.org/typescript/-/typescript-5.5.4.tgz",
      "integrity": "sha512-Mtq29sKDAEYP7aljRgtPOpTvOfbwRWlS6dPRzwjdE+C0R4brX/GUyhHSecbHMFLNBLcJIPt9nl9yG5TZ1weH+Q=="
    },
    "undici-types": {
      "version": "6.19.8",
      "resolved": "https://registry.npmjs.org/undici-types/-/undici-types-6.19.8.tgz",
      "integrity": "sha512-ve2KP6f/JnbPBFyobGHuerC9g1FYGn/F8n1LWTwNxCEzd6IfqTwUQcNXgEtmmQ6DlRrC1hrSrBnCZPokRrDHjw=="
    },
    "util": {
      "version": "0.10.3",
      "resolved": "https://registry.npmjs.org/util/-/util-0.10.3.tgz",
      "integrity": "sha1-evsa/lCAUkZInj23/g7TeTNqwPk=",
      "requires": {
        "inherits": "2.0.1"
      }
    }
  }
}
